
Microsoft Visual Studio Solution File, Format Version 12.00
# Visual Studio Version 17
VisualStudioVersion = 17.5.33516.290
MinimumVisualStudioVersion = 10.0.40219.1
Project("{9A19103F-16F7-4668-BE54-9A1E7A4F7556}") = "ProAppModule2", "ProAppModule2.csproj", "{1837E11C-F221-4296-A77B-9300AE83855B}"
EndProject
Project("{9A19103F-16F7-4668-BE54-9A1E7A4F7556}") = "EF_SQL", "..\EF_SQL\EF_SQL.csproj", "{E66D0F78-8365-41C4-A162-D4C88096C276}"
EndProject
Global
	GlobalSection(SolutionConfigurationPlatforms) = preSolution
		Debug|Any CPU = Debug|Any CPU
		Release|Any CPU = Release|Any CPU
	EndGlobalSection
	GlobalSection(ProjectConfigurationPlatforms) = postSolution
		{1837E11C-F221-4296-A77B-9300AE83855B}.Debug|Any CPU.ActiveCfg = Debug|Any CPU
		{1837E11C-F221-4296-A77B-9300AE83855B}.Debug|Any CPU.Build.0 = Debug|Any CPU
		{1837E11C-F221-4296-A77B-9300AE83855B}.Release|Any CPU.ActiveCfg = Release|Any CPU
		{1837E11C-F221-4296-A77B-9300AE83855B}.Release|Any CPU.Build.0 = Release|Any CPU
		{E66D0F78-8365-41C4-A162-D4C88096C276}.Debug|Any CPU.ActiveCfg = Debug|Any CPU
		{E66D0F78-8365-41C4-A162-D4C88096C276}.Debug|Any CPU.Build.0 = Debug|Any CPU
		{E66D0F78-8365-41C4-A162-D4C88096C276}.Release|Any CPU.ActiveCfg = Release|Any CPU
		{E66D0F78-8365-41C4-A162-D4C88096C276}.Release|Any CPU.Build.0 = Release|Any CPU
	EndGlobalSection
	GlobalSection(SolutionProperties) = preSolution
		HideSolutionNode = FALSE
	EndGlobalSection
	GlobalSection(ExtensibilityGlobals) = postSolution
		SolutionGuid = {B2A7AB80-D828-44E9-BA48-EBC4F930CE84}
	EndGlobalSection
EndGlobal
